
Microsoft Visual Studio Solution File, Format Version 12.00
# Visual Studio Version 16
VisualStudioVersion = 16.0.29215.179
MinimumVisualStudioVersion = 10.0.40219.1
Project("{FAE04EC0-301F-11D3-BF4B-00C04F79EFBC}") = "PartyInvites", "PartyInvites\PartyInvites.csproj", "{96C52BAA-7AD2-4723-B5CC-B5E83652D058}"
EndProject
Global
	GlobalSection(SolutionConfigurationPlatforms) = preSolution
		Debug|Any CPU = Debug|Any CPU
		Release|Any CPU = Release|Any CPU
	EndGlobalSection
	GlobalSection(ProjectConfigurationPlatforms) = postSolution
		{96C52BAA-7AD2-4723-B5CC-B5E83652D058}.Debug|Any CPU.ActiveCfg = Debug|Any CPU
		{96C52BAA-7AD2-4723-B5CC-B5E83652D058}.Debug|Any CPU.Build.0 = Debug|Any CPU
		{96C52BAA-7AD2-4723-B5CC-B5E83652D058}.Release|Any CPU.ActiveCfg = Release|Any CPU
		{96C52BAA-7AD2-4723-B5CC-B5E83652D058}.Release|Any CPU.Build.0 = Release|Any CPU
	EndGlobalSection
	GlobalSection(SolutionProperties) = preSolution
		HideSolutionNode = FALSE
	EndGlobalSection
	GlobalSection(ExtensibilityGlobals) = postSolution
		SolutionGuid = {E1FD87C4-F0ED-4210-BBB1-93B985FAD87B}
	EndGlobalSection
EndGlobal
